// !$*UTF8*$!
{
	archiveVersion = 1;
	classes = {
	};
	objectVersion = 46;
	objects = {

/* Begin PBXBuildFile section */
		C5D9F3711C185FFF00EE322D /* main.m in Sources */ = {isa = PBXBuildFile; fileRef = C5D9F3701C185FFF00EE322D /* main.m */; };
		C5D9F3741C185FFF00EE322D /* AppDelegate.m in Sources */ = {isa = PBXBuildFile; fileRef = C5D9F3731C185FFF00EE322D /* AppDelegate.m */; };
		C5D9F3771C185FFF00EE322D /* ViewController.m in Sources */ = {isa = PBXBuildFile; fileRef = C5D9F3761C185FFF00EE322D /* ViewController.m */; };
		C5D9F37A1C185FFF00EE322D /* Main.storyboard in Resources */ = {isa = PBXBuildFile; fileRef = C5D9F3781C185FFF00EE322D /* Main.storyboard */; };
		C5D9F37C1C185FFF00EE322D /* Assets.xcassets in Resources */ = {isa = PBXBuildFile; fileRef = C5D9F37B1C185FFF00EE322D /* Assets.xcassets */; };
		C5D9F37F1C185FFF00EE322D /* LaunchScreen.storyboard in Resources */ = {isa = PBXBuildFile; fileRef = C5D9F37D1C185FFF00EE322D /* LaunchScreen.storyboard */; };
		C5D9F38A1C185FFF00EE322D /* FirstAppTests.m in Sources */ = {isa = PBXBuildFile; fileRef = C5D9F3891C185FFF00EE322D /* FirstAppTests.m */; };
		C5D9F3951C185FFF00EE322D /* FirstAppUITests.m in Sources */ = {isa = PBXBuildFile; fileRef = C5D9F3941C185FFF00EE322D /* FirstAppUITests.m */; };
/* End PBXBuildFile section */

/* Begin PBXContainerItemProxy section */
		C5D9F3861C185FFF00EE322D /* PBXContainerItemProxy */ = {
			isa = PBXContainerItemProxy;
			containerPortal = C5D9F3641C185FFF00EE322D /* Project object */;
			proxyType = 1;
			remoteGlobalIDString = C5D9F36B1C185FFF00EE322D;
			remoteInfo = FirstApp;
		};
		C5D9F3911C185FFF00EE322D /* PBXContainerItemProxy */ = {
			isa = PBXContainerItemProxy;
			containerPortal = C5D9F3641C185FFF00EE322D /* Project object */;
			proxyType = 1;
			remoteGlobalIDString = C5D9F36B1C185FFF00EE322D;
			remoteInfo = FirstApp;
		};
/* End PBXContainerItemProxy section */

/* Begin PBXFileReference section */
		C5D9F36C1C185FFF00EE322D /* FirstApp.app */ = {isa = PBXFileReference; explicitFileType = wrapper.application; includeInIndex = 0; path = FirstApp.app; sourceTree = BUILT_PRODUCTS_DIR; };
		C5D9F3701C185FFF00EE322D /* main.m */ = {isa = PBXFileReference; lastKnownFileType = sourcecode.c.objc; path = main.m; sourceTree = "<group>"; };
		C5D9F3721C185FFF00EE322D /* AppDelegate.h */ = {isa = PBXFileReference; lastKnownFileType = sourcecode.c.h; path = AppDelegate.h; sourceTree = "<group>"; };
		C5D9F3731C185FFF00EE322D /* AppDelegate.m */ = {isa = PBXFileReference; lastKnownFileType = sourcecode.c.objc; path = AppDelegate.m; sourceTree = "<group>"; };
		C5D9F3751C185FFF00EE322D /* ViewController.h */ = {isa = PBXFileReference; lastKnownFileType = sourcecode.c.h; path = ViewController.h; sourceTree = "<group>"; };
		C5D9F3761C185FFF00EE322D /* ViewController.m */ = {isa = PBXFileReference; lastKnownFileType = sourcecode.c.objc; path = ViewController.m; sourceTree = "<group>"; };
		C5D9F3791C185FFF00EE322D /* Base */ = {isa = PBXFileReference; lastKnownFileType = file.storyboard; name = Base; path = Base.lproj/Main.storyboard; sourceTree = "<group>"; };
		C5D9F37B1C185FFF00EE322D /* Assets.xcassets */ = {isa = PBXFileReference; lastKnownFileType = folder.assetcatalog; path = Assets.xcassets; sourceTree = "<group>"; };
		C5D9F37E1C185FFF00EE322D /* Base */ = {isa = PBXFileReference; lastKnownFileType = file.storyboard; name = Base; path = Base.lproj/LaunchScreen.storyboard; sourceTree = "<group>"; };
		C5D9F3801C185FFF00EE322D /* Info.plist */ = {isa = PBXFileReference; lastKnownFileType = text.plist.xml; path = Info.plist; sourceTree = "<group>"; };
		C5D9F3851C185FFF00EE322D /* FirstAppTests.xctest */ = {isa = PBXFileReference; explicitFileType = wrapper.cfbundle; includeInIndex = 0; path = FirstAppTests.xctest; sourceTree = BUILT_PRODUCTS_DIR; };
		C5D9F3891C185FFF00EE322D /* FirstAppTests.m */ = {isa = PBXFileReference; lastKnownFileType = sourcecode.c.objc; path = FirstAppTests.m; sourceTree = "<group>"; };
		C5D9F38B1C185FFF00EE322D /* Info.plist */ = {isa = PBXFileReference; lastKnownFileType = text.plist.xml; path = Info.plist; sourceTree = "<group>"; };
		C5D9F3901C185FFF00EE322D /* FirstAppUITests.xctest */ = {isa = PBXFileReference; explicitFileType = wrapper.cfbundle; includeInIndex = 0; path = FirstAppUITests.xctest; sourceTree = BUILT_PRODUCTS_DIR; };
		C5D9F3941C185FFF00EE322D /* FirstAppUITests.m */ = {isa = PBXFileReference; lastKnownFileType = sourcecode.c.objc; path = FirstAppUITests.m; sourceTree = "<group>"; };
		C5D9F3961C185FFF00EE322D /* Info.plist */ = {isa = PBXFileReference; lastKnownFileType = text.plist.xml; path = Info.plist; sourceTree = "<group>"; };
/* End PBXFileReference section */

/* Begin PBXFrameworksBuildPhase section */
		C5D9F3691C185FFF00EE322D /* Frameworks */ = {
			isa = PBXFrameworksBuildPhase;
			buildActionMask = 2147483647;
			files = (
			);
			runOnlyForDeploymentPostprocessing = 0;
		};
		C5D9F3821C185FFF00EE322D /* Frameworks */ = {
			isa = PBXFrameworksBuildPhase;
			buildActionMask = 2147483647;
			files = (
			);
			runOnlyForDeploymentPostprocessing = 0;
		};
		C5D9F38D1C185FFF00EE322D /* Frameworks */ = {
			isa = PBXFrameworksBuildPhase;
			buildActionMask = 2147483647;
			files = (
			);
			runOnlyForDeploymentPostprocessing = 0;
		};
/* End PBXFrameworksBuildPhase section */

/* Begin PBXGroup section */
		C5D9F3631C185FFF00EE322D = {
			isa = PBXGroup;
			children = (
				C5D9F36E1C185FFF00EE322D /* FirstApp */,
				C5D9F3881C185FFF00EE322D /* FirstAppTests */,
				C5D9F3931C185FFF00EE322D /* FirstAppUITests */,
				C5D9F36D1C185FFF00EE322D /* Products */,
			);
			sourceTree = "<group>";
		};
		C5D9F36D1C185FFF00EE322D /* Products */ = {
			isa = PBXGroup;
			children = (
				C5D9F36C1C185FFF00EE322D /* FirstApp.app */,
				C5D9F3851C185FFF00EE322D /* FirstAppTests.xctest */,
				C5D9F3901C185FFF00EE322D /* FirstAppUITests.xctest */,
			);
			name = Products;
			sourceTree = "<group>";
		};
		C5D9F36E1C185FFF00EE322D /* FirstApp */ = {
			isa = PBXGroup;
			children = (
				C5D9F3721C185FFF00EE322D /* AppDelegate.h */,
				C5D9F3731C185FFF00EE322D /* AppDelegate.m */,
				C5D9F3751C185FFF00EE322D /* ViewController.h */,
				C5D9F3761C185FFF00EE322D /* ViewController.m */,
				C5D9F3781C185FFF00EE322D /* Main.storyboard */,
				C5D9F37B1C185FFF00EE322D /* Assets.xcassets */,
				C5D9F37D1C185FFF00EE322D /* LaunchScreen.storyboard */,
				C5D9F3801C185FFF00EE322D /* Info.plist */,
				C5D9F36F1C185FFF00EE322D /* Supporting Files */,
			);
			path = FirstApp;
			sourceTree = "<group>";
		};
		C5D9F36F1C185FFF00EE322D /* Supporting Files */ = {
			isa = PBXGroup;
			children = (
				C5D9F3701C185FFF00EE322D /* main.m */,
			);
			name = "Supporting Files";
			sourceTree = "<group>";
		};
		C5D9F3881C185FFF00EE322D /* FirstAppTests */ = {
			isa = PBXGroup;
			children = (
				C5D9F3891C185FFF00EE322D /* FirstAppTests.m */,
				C5D9F38B1C185FFF00EE322D /* Info.plist */,
			);
			path = FirstAppTests;
			sourceTree = "<group>";
		};
		C5D9F3931C185FFF00EE322D /* FirstAppUITests */ = {
			isa = PBXGroup;
			children = (
				C5D9F3941C185FFF00EE322D /* FirstAppUITests.m */,
				C5D9F3961C185FFF00EE322D /* Info.plist */,
			);
			path = FirstAppUITests;
			sourceTree = "<group>";
		};
/* End PBXGroup section */

/* Begin PBXNativeTarget section */
		C5D9F36B1C185FFF00EE322D /* FirstApp */ = {
			isa = PBXNativeTarget;
			buildConfigurationList = C5D9F3991C185FFF00EE322D /* Build configuration list for PBXNativeTarget "FirstApp" */;
			buildPhases = (
				C5D9F3681C185FFF00EE322D /* Sources */,
				C5D9F3691C185FFF00EE322D /* Frameworks */,
				C5D9F36A1C185FFF00EE322D /* Resources */,
			);
			buildRules = (
			);
			dependencies = (
			);
			name = FirstApp;
			productName = FirstApp;
			productReference = C5D9F36C1C185FFF00EE322D /* FirstApp.app */;
			productType = "com.apple.product-type.application";
		};
		C5D9F3841C185FFF00EE322D /* FirstAppTests */ = {
			isa = PBXNativeTarget;
			buildConfigurationList = C5D9F39C1C185FFF00EE322D /* Build configuration list for PBXNativeTarget "FirstAppTests" */;
			buildPhases = (
				C5D9F3811C185FFF00EE322D /* Sources */,
				C5D9F3821C185FFF00EE322D /* Frameworks */,
				C5D9F3831C185FFF00EE322D /* Resources */,
			);
			buildRules = (
			);
			dependencies = (
				C5D9F3871C185FFF00EE322D /* PBXTargetDependency */,
			);
			name = FirstAppTests;
			productName = FirstAppTests;
			productReference = C5D9F3851C185FFF00EE322D /* FirstAppTests.xctest */;
			productType = "com.apple.product-type.bundle.unit-test";
		};
		C5D9F38F1C185FFF00EE322D /* FirstAppUITests */ = {
			isa = PBXNativeTarget;
			buildConfigurationList = C5D9F39F1C185FFF00EE322D /* Build configuration list for PBXNativeTarget "FirstAppUITests" */;
			buildPhases = (
				C5D9F38C1C185FFF00EE322D /* Sources */,
				C5D9F38D1C185FFF00EE322D /* Frameworks */,
				C5D9F38E1C185FFF00EE322D /* Resources */,
			);
			buildRules = (
			);
			dependencies = (
				C5D9F3921C185FFF00EE322D /* PBXTargetDependency */,
			);
			name = FirstAppUITests;
			productName = FirstAppUITests;
			productReference = C5D9F3901C185FFF00EE322D /* FirstAppUITests.xctest */;
			productType = "com.apple.product-type.bundle.ui-testing";
		};
/* End PBXNativeTarget section */

/* Begin PBXProject section */
		C5D9F3641C185FFF00EE322D /* Project object */ = {
			isa = PBXProject;
			attributes = {
				LastUpgradeCheck = 0710;
				ORGANIZATIONNAME = "On Yi Wong";
				TargetAttributes = {
					C5D9F36B1C185FFF00EE322D = {
						CreatedOnToolsVersion = 7.1;
						DevelopmentTeam = 2VPZ8EY2AZ;
					};
					C5D9F3841C185FFF00EE322D = {
						CreatedOnToolsVersion = 7.1;
						TestTargetID = C5D9F36B1C185FFF00EE322D;
					};
					C5D9F38F1C185FFF00EE322D = {
						CreatedOnToolsVersion = 7.1;
						TestTargetID = C5D9F36B1C185FFF00EE322D;
					};
				};
			};
			buildConfigurationList = C5D9F3671C185FFF00EE322D /* Build configuration list for PBXProject "FirstApp" */;
			compatibilityVersion = "Xcode 3.2";
			developmentRegion = English;
			hasScannedForEncodings = 0;
			knownRegions = (
				en,
				Base,
			);
			mainGroup = C5D9F3631C185FFF00EE322D;
			productRefGroup = C5D9F36D1C185FFF00EE322D /* Products */;
			projectDirPath = "";
			projectRoot = "";
			targets = (
				C5D9F36B1C185FFF00EE322D /* FirstApp */,
				C5D9F3841C185FFF00EE322D /* FirstAppTests */,
				C5D9F38F1C185FFF00EE322D /* FirstAppUITests */,
			);
		};
/* End PBXProject section */

/* Begin PBXResourcesBuildPhase section */
		C5D9F36A1C185FFF00EE322D /* Resources */ = {
			isa = PBXResourcesBuildPhase;
			buildActionMask = 2147483647;
			files = (
				C5D9F37F1C185FFF00EE322D /* LaunchScreen.storyboard in Resources */,
				C5D9F37C1C185FFF00EE322D /* Assets.xcassets in Resources */,
				C5D9F37A1C185FFF00EE322D /* Main.storyboard in Resources */,
			);
			runOnlyForDeploymentPostprocessing = 0;
		};
		C5D9F3831C185FFF00EE322D /* Resources */ = {
			isa = PBXResourcesBuildPhase;
			buildActionMask = 2147483647;
			files = (
			);
			runOnlyForDeploymentPostprocessing = 0;
		};
		C5D9F38E1C185FFF00EE322D /* Resources */ = {
			isa = PBXResourcesBuildPhase;
			buildActionMask = 2147483647;
			files = (
			);
			runOnlyForDeploymentPostprocessing = 0;
		};
/* End PBXResourcesBuildPhase section */

/* Begin PBXSourcesBuildPhase section */
		C5D9F3681C185FFF00EE322D /* Sources */ = {
			isa = PBXSourcesBuildPhase;
			buildActionMask = 2147483647;
			files = (
				C5D9F3771C185FFF00EE322D /* ViewController.m in Sources */,
				C5D9F3741C185FFF00EE322D /* AppDelegate.m in Sources */,
				C5D9F3711C185FFF00EE322D /* main.m in Sources */,
			);
			runOnlyForDeploymentPostprocessing = 0;
		};
		C5D9F3811C185FFF00EE322D /* Sources */ = {
			isa = PBXSourcesBuildPhase;
			buildActionMask = 2147483647;
			files = (
				C5D9F38A1C185FFF00EE322D /* FirstAppTests.m in Sources */,
			);
			runOnlyForDeploymentPostprocessing = 0;
		};
		C5D9F38C1C185FFF00EE322D /* Sources */ = {
			isa = PBXSourcesBuildPhase;
			buildActionMask = 2147483647;
			files = (
				C5D9F3951C185FFF00EE322D /* FirstAppUITests.m in Sources */,
			);
			runOnlyForDeploymentPostprocessing = 0;
		};
/* End PBXSourcesBuildPhase section */

/* Begin PBXTargetDependency section */
		C5D9F3871C185FFF00EE322D /* PBXTargetDependency */ = {
			isa = PBXTargetDependency;
			target = C5D9F36B1C185FFF00EE322D /* FirstApp */;
			targetProxy = C5D9F3861C185FFF00EE322D /* PBXContainerItemProxy */;
		};
		C5D9F3921C185FFF00EE322D /* PBXTargetDependency */ = {
			isa = PBXTargetDependency;
			target = C5D9F36B1C185FFF00EE322D /* FirstApp */;
			targetProxy = C5D9F3911C185FFF00EE322D /* PBXContainerItemProxy */;
		};
/* End PBXTargetDependency section */

/* Begin PBXVariantGroup section */
		C5D9F3781C185FFF00EE322D /* Main.storyboard */ = {
			isa = PBXVariantGroup;
			children = (
				C5D9F3791C185FFF00EE322D /* Base */,
			);
			name = Main.storyboard;
			sourceTree = "<group>";
		};
		C5D9F37D1C185FFF00EE322D /* LaunchScreen.storyboard */ = {
			isa = PBXVariantGroup;
			children = (
				C5D9F37E1C185FFF00EE322D /* Base */,
			);
			name = LaunchScreen.storyboard;
			sourceTree = "<group>";
		};
/* End PBXVariantGroup section */

/* Begin XCBuildConfiguration section */
		C5D9F3971C185FFF00EE322D /* Debug */ = {
			isa = XCBuildConfiguration;
			buildSettings = {
				ALWAYS_SEARCH_USER_PATHS = NO;
				CLANG_CXX_LANGUAGE_STANDARD = "gnu++0x";
				CLANG_CXX_LIBRARY = "libc++";
				CLANG_ENABLE_MODULES = YES;
				CLANG_ENABLE_OBJC_ARC = YES;
				CLANG_WARN_BOOL_CONVERSION = YES;
				CLANG_WARN_CONSTANT_CONVERSION = YES;
				CLANG_WARN_DIRECT_OBJC_ISA_USAGE = YES_ERROR;
				CLANG_WARN_EMPTY_BODY = YES;
				CLANG_WARN_ENUM_CONVERSION = YES;
				CLANG_WARN_INT_CONVERSION = YES;
				CLANG_WARN_OBJC_ROOT_CLASS = YES_ERROR;
				CLANG_WARN_UNREACHABLE_CODE = YES;
				CLANG_WARN__DUPLICATE_METHOD_MATCH = YES;
				"CODE_SIGN_IDENTITY[sdk=iphoneos*]" = "iPhone Developer";
				COPY_PHASE_STRIP = NO;
				DEBUG_INFORMATION_FORMAT = dwarf;
				ENABLE_STRICT_OBJC_MSGSEND = YES;
				ENABLE_TESTABILITY = YES;
				GCC_C_LANGUAGE_STANDARD = gnu99;
				GCC_DYNAMIC_NO_PIC = NO;
				GCC_NO_COMMON_BLOCKS = YES;
				GCC_OPTIMIZATION_LEVEL = 0;
				GCC_PREPROCESSOR_DEFINITIONS = (
					"DEBUG=1",
					"$(inherited)",
				);
				GCC_WARN_64_TO_32_BIT_CONVERSION = YES;
				GCC_WARN_ABOUT_RETURN_TYPE = YES_ERROR;
				GCC_WARN_UNDECLARED_SELECTOR = YES;
				GCC_WARN_UNINITIALIZED_AUTOS = YES_AGGRESSIVE;
				GCC_WARN_UNUSED_FUNCTION = YES;
				GCC_WARN_UNUSED_VARIABLE = YES;
				IPHONEOS_DEPLOYMENT_TARGET = 9.1;
				MTL_ENABLE_DEBUG_INFO = YES;
				ONLY_ACTIVE_ARCH = YES;
				SDKROOT = iphoneos;
			};
			name = Debug;
		};
		C5D9F3981C185FFF00EE322D /* Release */ = {
			isa = XCBuildConfiguration;
			buildSettings = {
				ALWAYS_SEARCH_USER_PATHS = NO;
				CLANG_CXX_LANGUAGE_STANDARD = "gnu++0x";
				CLANG_CXX_LIBRARY = "libc++";
				CLANG_ENABLE_MODULES = YES;
				CLANG_ENABLE_OBJC_ARC = YES;
				CLANG_WARN_BOOL_CONVERSION = YES;
				CLANG_WARN_CONSTANT_CONVERSION = YES;
				CLANG_WARN_DIRECT_OBJC_ISA_USAGE = YES_ERROR;
				CLANG_WARN_EMPTY_BODY = YES;
				CLANG_WARN_ENUM_CONVERSION = YES;
				CLANG_WARN_INT_CONVERSION = YES;
				CLANG_WARN_OBJC_ROOT_CLASS = YES_ERROR;
				CLANG_WARN_UNREACHABLE_CODE = YES;
				CLANG_WARN__DUPLICATE_METHOD_MATCH = YES;
				"CODE_SIGN_IDENTITY[sdk=iphoneos*]" = "iPhone Developer";
				COPY_PHASE_STRIP = NO;
				DEBUG_INFORMATION_FORMAT = "dwarf-with-dsym";
				ENABLE_NS_ASSERTIONS = NO;
				ENABLE_STRICT_OBJC_MSGSEND = YES;
				GCC_C_LANGUAGE_STANDARD = gnu99;
				GCC_NO_COMMON_BLOCKS = YES;
				GCC_WARN_64_TO_32_BIT_CONVERSION = YES;
				GCC_WARN_ABOUT_RETURN_TYPE = YES_ERROR;
				GCC_WARN_UNDECLARED_SELECTOR = YES;
				GCC_WARN_UNINITIALIZED_AUTOS = YES_AGGRESSIVE;
				GCC_WARN_UNUSED_FUNCTION = YES;
				GCC_WARN_UNUSED_VARIABLE = YES;
				IPHONEOS_DEPLOYMENT_TARGET = 9.1;
				MTL_ENABLE_DEBUG_INFO = NO;
				SDKROOT = iphoneos;
				VALIDATE_PRODUCT = YES;
			};
			name = Release;
		};
		C5D9F39A1C185FFF00EE322D /* Debug */ = {
			isa = XCBuildConfiguration;
			buildSettings = {
				ASSETCATALOG_COMPILER_APPICON_NAME = AppIcon;
				CODE_SIGN_IDENTITY = "iPhone Developer";
				"CODE_SIGN_IDENTITY[sdk=iphoneos*]" = "iPhone Developer";
				INFOPLIST_FILE = FirstApp/Info.plist;
				LD_RUNPATH_SEARCH_PATHS = "$(inherited) @executable_path/Frameworks";
				PRODUCT_BUNDLE_IDENTIFIER = milkwong.FirstApp;
				PRODUCT_NAME = "$(TARGET_NAME)";
				PROVISIONING_PROFILE = "";
			};
			name = Debug;
		};
		C5D9F39B1C185FFF00EE322D /* Release */ = {
			isa = XCBuildConfiguration;
			buildSettings = {
				ASSETCATALOG_COMPILER_APPICON_NAME = AppIcon;
				CODE_SIGN_IDENTITY = "iPhone Developer";
				"CODE_SIGN_IDENTITY[sdk=iphoneos*]" = "iPhone Developer";
				INFOPLIST_FILE = FirstApp/Info.plist;
				LD_RUNPATH_SEARCH_PATHS = "$(inherited) @executable_path/Frameworks";
				PRODUCT_BUNDLE_IDENTIFIER = milkwong.FirstApp;
				PRODUCT_NAME = "$(TARGET_NAME)";
				PROVISIONING_PROFILE = "";
			};
			name = Release;
		};
		C5D9F39D1C185FFF00EE322D /* Debug */ = {
			isa = XCBuildConfiguration;
			buildSettings = {
				BUNDLE_LOADER = "$(TEST_HOST)";
				INFOPLIST_FILE = FirstAppTests/Info.plist;
				LD_RUNPATH_SEARCH_PATHS = "$(inherited) @executable_path/Frameworks @loader_path/Frameworks";
				PRODUCT_BUNDLE_IDENTIFIER = milkwong.FirstAppTests;
				PRODUCT_NAME = "$(TARGET_NAME)";
				TEST_HOST = "$(BUILT_PRODUCTS_DIR)/FirstApp.app/FirstApp";
			};
			name = Debug;
		};
		C5D9F39E1C185FFF00EE322D /* Release */ = {
			isa = XCBuildConfiguration;
			buildSettings = {
				BUNDLE_LOADER = "$(TEST_HOST)";
				INFOPLIST_FILE = FirstAppTests/Info.plist;
				LD_RUNPATH_SEARCH_PATHS = "$(inherited) @executable_path/Frameworks @loader_path/Frameworks";
				PRODUCT_BUNDLE_IDENTIFIER = milkwong.FirstAppTests;
				PRODUCT_NAME = "$(TARGET_NAME)";
				TEST_HOST = "$(BUILT_PRODUCTS_DIR)/FirstApp.app/FirstApp";
			};
			name = Release;
		};
		C5D9F3A01C185FFF00EE322D /* Debug */ = {
			isa = XCBuildConfiguration;
			buildSettings = {
				INFOPLIST_FILE = FirstAppUITests/Info.plist;
				LD_RUNPATH_SEARCH_PATHS = "$(inherited) @executable_path/Frameworks @loader_path/Frameworks";
				PRODUCT_BUNDLE_IDENTIFIER = milkwong.FirstAppUITests;
				PRODUCT_NAME = "$(TARGET_NAME)";
				TEST_TARGET_NAME = FirstApp;
				USES_XCTRUNNER = YES;
			};
			name = Debug;
		};
		C5D9F3A11C185FFF00EE322D /* Release */ = {
			isa = XCBuildConfiguration;
			buildSettings = {
				INFOPLIST_FILE = FirstAppUITests/Info.plist;
				LD_RUNPATH_SEARCH_PATHS = "$(inherited) @executable_path/Frameworks @loader_path/Frameworks";
				PRODUCT_BUNDLE_IDENTIFIER = milkwong.FirstAppUITests;
				PRODUCT_NAME = "$(TARGET_NAME)";
				TEST_TARGET_NAME = FirstApp;
				USES_XCTRUNNER = YES;
			};
			name = Release;
		};
/* End XCBuildConfiguration section */

/* Begin XCConfigurationList section */
		C5D9F3671C185FFF00EE322D /* Build configuration list for PBXProject "FirstApp" */ = {
			isa = XCConfigurationList;
			buildConfigurations = (
				C5D9F3971C185FFF00EE322D /* Debug */,
				C5D9F3981C185FFF00EE322D /* Release */,
			);
			defaultConfigurationIsVisible = 0;
			defaultConfigurationName = Release;
		};
		C5D9F3991C185FFF00EE322D /* Build configuration list for PBXNativeTarget "FirstApp" */ = {
			isa = XCConfigurationList;
			buildConfigurations = (
				C5D9F39A1C185FFF00EE322D /* Debug */,
				C5D9F39B1C185FFF00EE322D /* Release */,
			);
			defaultConfigurationIsVisible = 0;
		};
		C5D9F39C1C185FFF00EE322D /* Build configuration list for PBXNativeTarget "FirstAppTests" */ = {
			isa = XCConfigurationList;
			buildConfigurations = (
				C5D9F39D1C185FFF00EE322D /* Debug */,
				C5D9F39E1C185FFF00EE322D /* Release */,
			);
			defaultConfigurationIsVisible = 0;
		};
		C5D9F39F1C185FFF00EE322D /* Build configuration list for PBXNativeTarget "FirstAppUITests" */ = {
			isa = XCConfigurationList;
			buildConfigurations = (
				C5D9F3A01C185FFF00EE322D /* Debug */,
				C5D9F3A11C185FFF00EE322D /* Release */,
			);
			defaultConfigurationIsVisible = 0;
		};
/* End XCConfigurationList section */
	};
	rootObject = C5D9F3641C185FFF00EE322D /* Project object */;
}
